
Microsoft Visual Studio Solution File, Format Version 12.00
# Visual Studio Version 17
VisualStudioVersion = 17.14.36930.0
MinimumVisualStudioVersion = 10.0.40219.1
Project("{FAE04EC0-301F-11D3-BF4B-00C04F79EFBC}") = "ParkingFeeCalculator", "ParkingFeeCalculator\ParkingFeeCalculator.csproj", "{D0166D10-6A08-4BD8-8269-667FA6CFB60A}"
EndProject
Project("{FAE04EC0-301F-11D3-BF4B-00C04F79EFBC}") = "ParkingFeeCalculator.Tests", "ParkingFeeCalculator.Tests\ParkingFeeCalculator.Tests.csproj", "{F77715D3-4D58-4090-ACA5-A335373DC784}"
EndProject
Project("{FAE04EC0-301F-11D3-BF4B-00C04F79EFBC}") = "ParkingWebApp", "ParkingWebApp\ParkingWebApp.csproj", "{C75E390D-7977-498A-AA1E-6DE23874EFCA}"
EndProject
Project("{FAE04EC0-301F-11D3-BF4B-00C04F79EFBC}") = "SeleniumTests", "SeleniumTests\SeleniumTests.csproj", "{31410641-F551-4938-B7A2-5B1CCE55D24E}"
EndProject
Global
	GlobalSection(SolutionConfigurationPlatforms) = preSolution
		Debug|Any CPU = Debug|Any CPU
		Release|Any CPU = Release|Any CPU
	EndGlobalSection
	GlobalSection(ProjectConfigurationPlatforms) = postSolution
		{D0166D10-6A08-4BD8-8269-667FA6CFB60A}.Debug|Any CPU.ActiveCfg = Debug|Any CPU
		{D0166D10-6A08-4BD8-8269-667FA6CFB60A}.Debug|Any CPU.Build.0 = Debug|Any CPU
		{D0166D10-6A08-4BD8-8269-667FA6CFB60A}.Release|Any CPU.ActiveCfg = Release|Any CPU
		{D0166D10-6A08-4BD8-8269-667FA6CFB60A}.Release|Any CPU.Build.0 = Release|Any CPU
		{F77715D3-4D58-4090-ACA5-A335373DC784}.Debug|Any CPU.ActiveCfg = Debug|Any CPU
		{F77715D3-4D58-4090-ACA5-A335373DC784}.Debug|Any CPU.Build.0 = Debug|Any CPU
		{F77715D3-4D58-4090-ACA5-A335373DC784}.Release|Any CPU.ActiveCfg = Release|Any CPU
		{F77715D3-4D58-4090-ACA5-A335373DC784}.Release|Any CPU.Build.0 = Release|Any CPU
		{C75E390D-7977-498A-AA1E-6DE23874EFCA}.Debug|Any CPU.ActiveCfg = Debug|Any CPU
		{C75E390D-7977-498A-AA1E-6DE23874EFCA}.Debug|Any CPU.Build.0 = Debug|Any CPU
		{C75E390D-7977-498A-AA1E-6DE23874EFCA}.Release|Any CPU.ActiveCfg = Release|Any CPU
		{C75E390D-7977-498A-AA1E-6DE23874EFCA}.Release|Any CPU.Build.0 = Release|Any CPU
		{31410641-F551-4938-B7A2-5B1CCE55D24E}.Debug|Any CPU.ActiveCfg = Debug|Any CPU
		{31410641-F551-4938-B7A2-5B1CCE55D24E}.Debug|Any CPU.Build.0 = Debug|Any CPU
		{31410641-F551-4938-B7A2-5B1CCE55D24E}.Release|Any CPU.ActiveCfg = Release|Any CPU
		{31410641-F551-4938-B7A2-5B1CCE55D24E}.Release|Any CPU.Build.0 = Release|Any CPU
	EndGlobalSection
	GlobalSection(SolutionProperties) = preSolution
		HideSolutionNode = FALSE
	EndGlobalSection
	GlobalSection(ExtensibilityGlobals) = postSolution
		SolutionGuid = {1AAE19ED-6630-4D13-8C15-45DC020A674B}
	EndGlobalSection
EndGlobal
